
Microsoft Visual Studio Solution File, Format Version 11.00
# Visual C++ Express 2010
Project("{8BC9CEB8-8B4A-11D0-8D11-00A0C91BC942}") = "Brave-Pirate", "Brave-Pirate\Brave-Pirate.vcxproj", "{D4DCDF7E-458D-4E99-AD8F-C1C71E74CC8A}"
EndProject
Global
	GlobalSection(SolutionConfigurationPlatforms) = preSolution
		Debug|Win32 = Debug|Win32
		Release|Win32 = Release|Win32
	EndGlobalSection
	GlobalSection(ProjectConfigurationPlatforms) = postSolution
		{D4DCDF7E-458D-4E99-AD8F-C1C71E74CC8A}.Debug|Win32.ActiveCfg = Debug|Win32
		{D4DCDF7E-458D-4E99-AD8F-C1C71E74CC8A}.Debug|Win32.Build.0 = Debug|Win32
		{D4DCDF7E-458D-4E99-AD8F-C1C71E74CC8A}.Release|Win32.ActiveCfg = Release|Win32
		{D4DCDF7E-458D-4E99-AD8F-C1C71E74CC8A}.Release|Win32.Build.0 = Release|Win32
	EndGlobalSection
	GlobalSection(SolutionProperties) = preSolution
		HideSolutionNode = FALSE
	EndGlobalSection
EndGlobal
