<?xml version="1.0" encoding="utf-8"?>
<Project ToolsVersion="4.0" xmlns="http://schemas.microsoft.com/developer/msbuild/2003">
  <ItemGroup>
    <Filter Include="Source Files">
      <UniqueIdentifier>{4FC737F1-C7A5-4376-A066-2A32D752A2FF}</UniqueIdentifier>
      <Extensions>cpp;c;cc;cxx;def;odl;idl;hpj;bat;asm;asmx</Extensions>
    </Filter>
    <Filter Include="Header Files">
      <UniqueIdentifier>{93995380-89BD-4b04-88EB-625FBE52EBFB}</UniqueIdentifier>
      <Extensions>h;hpp;hxx;hm;inl;inc;xsd</Extensions>
    </Filter>
    <Filter Include="Resource Files">
      <UniqueIdentifier>{67DA6AB6-F800-4c08-8B7A-83BB121AAD01}</UniqueIdentifier>
      <Extensions>rc;ico;cur;bmp;dlg;rc2;rct;bin;rgs;gif;jpg;jpeg;jpe;resx;tiff;tif;png;wav;mfcribbon-ms</Extensions>
    </Filter>
    <Filter Include="Header Files\GameInterface">
      <UniqueIdentifier>{06acb185-338f-4fea-b48c-36f105dd91e9}</UniqueIdentifier>
    </Filter>
    <Filter Include="Source Files\GameInterface">
      <UniqueIdentifier>{1f7c222f-2fca-4fc4-ad17-b7197790fa60}</UniqueIdentifier>
    </Filter>
  </ItemGroup>
  <ItemGroup>
    <ClCompile Include="main.cpp">
      <Filter>Source Files</Filter>
    </ClCompile>
    <ClCompile Include="GameObject.cpp">
      <Filter>Source Files</Filter>
    </ClCompile>
    <ClCompile Include="Vector2.cpp">
      <Filter>Source Files</Filter>
    </ClCompile>
    <ClCompile Include="Barrel.cpp">
      <Filter>Source Files</Filter>
    </ClCompile>
    <ClCompile Include="Sea.cpp">
      <Filter>Source Files</Filter>
    </ClCompile>
    <ClCompile Include="GraphicDevice.cpp">
      <Filter>Source Files</Filter>
    </ClCompile>
    <ClCompile Include="Ship.cpp">
      <Filter>Source Files</Filter>
    </ClCompile>
    <ClCompile Include="GameStateManager.cpp">
      <Filter>Source Files</Filter>
    </ClCompile>
    <ClCompile Include="Menu.cpp">
      <Filter>Source Files</Filter>
    </ClCompile>
    <ClCompile Include="Button.cpp">
      <Filter>Source Files</Filter>
    </ClCompile>
    <ClCompile Include="FloatingObject.cpp">
      <Filter>Source Files</Filter>
    </ClCompile>
    <ClCompile Include="Time.cpp">
      <Filter>Source Files</Filter>
    </ClCompile>
    <ClCompile Include="Cannon.cpp">
      <Filter>Source Files</Filter>
    </ClCompile>
    <ClCompile Include="CannonBall.cpp">
      <Filter>Source Files</Filter>
    </ClCompile>
    <ClCompile Include="Delay.cpp">
      <Filter>Source Files</Filter>
    </ClCompile>
    <ClCompile Include="Textures.cpp">
      <Filter>Source Files</Filter>
    </ClCompile>
    <ClCompile Include="FishingRod.cpp">
      <Filter>Source Files</Filter>
    </ClCompile>
    <ClCompile Include="Fish.cpp">
      <Filter>Source Files</Filter>
    </ClCompile>
    <ClCompile Include="Interface.cpp">
      <Filter>Source Files\GameInterface</Filter>
    </ClCompile>
    <ClCompile Include="InterfaceObject.cpp">
      <Filter>Source Files\GameInterface</Filter>
    </ClCompile>
    <ClCompile Include="ProgressIndicator.cpp">
      <Filter>Source Files\GameInterface</Filter>
    </ClCompile>
    <ClCompile Include="GameLabel.cpp">
      <Filter>Source Files\GameInterface</Filter>
    </ClCompile>
  </ItemGroup>
  <ItemGroup>
    <ClInclude Include="GameObject.h">
      <Filter>Header Files</Filter>
    </ClInclude>
    <ClInclude Include="Vector2.h">
      <Filter>Header Files</Filter>
    </ClInclude>
    <ClInclude Include="Barrel.h">
      <Filter>Header Files</Filter>
    </ClInclude>
    <ClInclude Include="Sea.h">
      <Filter>Header Files</Filter>
    </ClInclude>
    <ClInclude Include="GraphicDevice.h">
      <Filter>Header Files</Filter>
    </ClInclude>
    <ClInclude Include="Ship.h">
      <Filter>Header Files</Filter>
    </ClInclude>
    <ClInclude Include="GameStateManager.h">
      <Filter>Header Files</Filter>
    </ClInclude>
    <ClInclude Include="Menu.h">
      <Filter>Header Files</Filter>
    </ClInclude>
    <ClInclude Include="Button.h">
      <Filter>Header Files</Filter>
    </ClInclude>
    <ClInclude Include="FloatingObject.h">
      <Filter>Header Files</Filter>
    </ClInclude>
    <ClInclude Include="Time.h">
      <Filter>Header Files</Filter>
    </ClInclude>
    <ClInclude Include="Cannon.h">
      <Filter>Header Files</Filter>
    </ClInclude>
    <ClInclude Include="CannonBall.h">
      <Filter>Header Files</Filter>
    </ClInclude>
    <ClInclude Include="Delay.h">
      <Filter>Header Files</Filter>
    </ClInclude>
    <ClInclude Include="Textures.h">
      <Filter>Header Files</Filter>
    </ClInclude>
    <ClInclude Include="FishingRod.h">
      <Filter>Header Files</Filter>
    </ClInclude>
    <ClInclude Include="InstantionManager.h">
      <Filter>Header Files</Filter>
    </ClInclude>
    <ClInclude Include="Fish.h">
      <Filter>Header Files</Filter>
    </ClInclude>
    <ClInclude Include="Interface.h">
      <Filter>Header Files\GameInterface</Filter>
    </ClInclude>
    <ClInclude Include="BasicObject.h">
      <Filter>Header Files</Filter>
    </ClInclude>
    <ClInclude Include="InterfaceObject.h">
      <Filter>Header Files\GameInterface</Filter>
    </ClInclude>
    <ClInclude Include="ProgressIndicator.h">
      <Filter>Header Files\GameInterface</Filter>
    </ClInclude>
    <ClInclude Include="Fishs_Gifts_Types.h">
      <Filter>Header Files</Filter>
    </ClInclude>
    <ClInclude Include="GameLabel.h">
      <Filter>Header Files\GameInterface</Filter>
    </ClInclude>
  </ItemGroup>
</Project>